
Microsoft Visual Studio Solution File, Format Version 12.00
# Visual Studio Version 17
VisualStudioVersion = 17.5.33516.290
MinimumVisualStudioVersion = 10.0.40219.1
Project("{FAE04EC0-301F-11D3-BF4B-00C04F79EFBC}") = "PoolEight", "PoolEight.csproj", "{98A51A4D-F8BE-4345-8CC4-638CD060F8FE}"
EndProject
Global
	GlobalSection(SolutionConfigurationPlatforms) = preSolution
		Debug|Any CPU = Debug|Any CPU
		Release|Any CPU = Release|Any CPU
	EndGlobalSection
	GlobalSection(ProjectConfigurationPlatforms) = postSolution
		{98A51A4D-F8BE-4345-8CC4-638CD060F8FE}.Debug|Any CPU.ActiveCfg = Debug|Any CPU
		{98A51A4D-F8BE-4345-8CC4-638CD060F8FE}.Debug|Any CPU.Build.0 = Debug|Any CPU
		{98A51A4D-F8BE-4345-8CC4-638CD060F8FE}.Release|Any CPU.ActiveCfg = Release|Any CPU
		{98A51A4D-F8BE-4345-8CC4-638CD060F8FE}.Release|Any CPU.Build.0 = Release|Any CPU
	EndGlobalSection
	GlobalSection(SolutionProperties) = preSolution
		HideSolutionNode = FALSE
	EndGlobalSection
	GlobalSection(ExtensibilityGlobals) = postSolution
		SolutionGuid = {147026B1-751D-4A75-A50C-B2632321E1BE}
	EndGlobalSection
EndGlobal
